
Microsoft Visual Studio Solution File, Format Version 12.00
# Visual Studio 15
VisualStudioVersion = 15.0.28307.572
MinimumVisualStudioVersion = 10.0.40219.1
Project("{FAE04EC0-301F-11D3-BF4B-00C04F79EFBC}") = "AccOwnerWebApi", "AccOwnerWebApi\AccOwnerWebApi.csproj", "{98BF61E3-6989-4217-8C1F-128B9B7FE67F}"
EndProject
Global
	GlobalSection(SolutionConfigurationPlatforms) = preSolution
		Debug|Any CPU = Debug|Any CPU
		Release|Any CPU = Release|Any CPU
	EndGlobalSection
	GlobalSection(ProjectConfigurationPlatforms) = postSolution
		{98BF61E3-6989-4217-8C1F-128B9B7FE67F}.Debug|Any CPU.ActiveCfg = Debug|Any CPU
		{98BF61E3-6989-4217-8C1F-128B9B7FE67F}.Debug|Any CPU.Build.0 = Debug|Any CPU
		{98BF61E3-6989-4217-8C1F-128B9B7FE67F}.Release|Any CPU.ActiveCfg = Release|Any CPU
		{98BF61E3-6989-4217-8C1F-128B9B7FE67F}.Release|Any CPU.Build.0 = Release|Any CPU
	EndGlobalSection
	GlobalSection(SolutionProperties) = preSolution
		HideSolutionNode = FALSE
	EndGlobalSection
	GlobalSection(ExtensibilityGlobals) = postSolution
		SolutionGuid = {DF4910B5-96E2-4ECE-946A-F02181C0C0FF}
	EndGlobalSection
EndGlobal
